
Microsoft Visual Studio Solution File, Format Version 12.00
# Visual Studio Version 16
VisualStudioVersion = 16.0.29806.167
MinimumVisualStudioVersion = 10.0.40219.1
Project("{9A19103F-16F7-4668-BE54-9A1E7A4F7556}") = "DotNetCalculator", "DotNetCalculator.csproj", "{8CB4D995-7711-4115-B42A-A8A5FCDB166C}"
EndProject
Project("{FAE04EC0-301F-11D3-BF4B-00C04F79EFBC}") = "TestCalculatorCore", "..\TestCalculatorCore\TestCalculatorCore.csproj", "{B75E1183-5808-45DA-9014-57761C857961}"
EndProject
Global
	GlobalSection(SolutionConfigurationPlatforms) = preSolution
		Debug|Any CPU = Debug|Any CPU
		Release|Any CPU = Release|Any CPU
	EndGlobalSection
	GlobalSection(ProjectConfigurationPlatforms) = postSolution
		{8CB4D995-7711-4115-B42A-A8A5FCDB166C}.Debug|Any CPU.ActiveCfg = Debug|Any CPU
		{8CB4D995-7711-4115-B42A-A8A5FCDB166C}.Debug|Any CPU.Build.0 = Debug|Any CPU
		{8CB4D995-7711-4115-B42A-A8A5FCDB166C}.Release|Any CPU.ActiveCfg = Release|Any CPU
		{8CB4D995-7711-4115-B42A-A8A5FCDB166C}.Release|Any CPU.Build.0 = Release|Any CPU
		{B75E1183-5808-45DA-9014-57761C857961}.Debug|Any CPU.ActiveCfg = Debug|Any CPU
		{B75E1183-5808-45DA-9014-57761C857961}.Debug|Any CPU.Build.0 = Debug|Any CPU
		{B75E1183-5808-45DA-9014-57761C857961}.Release|Any CPU.ActiveCfg = Release|Any CPU
		{B75E1183-5808-45DA-9014-57761C857961}.Release|Any CPU.Build.0 = Release|Any CPU
	EndGlobalSection
	GlobalSection(SolutionProperties) = preSolution
		HideSolutionNode = FALSE
	EndGlobalSection
	GlobalSection(ExtensibilityGlobals) = postSolution
		SolutionGuid = {AE2B3C94-904F-4A24-B659-E2D10B2E4F6C}
	EndGlobalSection
EndGlobal
